
Microsoft Visual Studio Solution File, Format Version 12.00
# Visual Studio Version 17
VisualStudioVersion = 17.1.32421.90
MinimumVisualStudioVersion = 10.0.40219.1
Project("{9A19103F-16F7-4668-BE54-9A1E7A4F7556}") = "Randomizer", "More Random Edition\Randomizer.csproj", "{CBB9B70C-98A7-47F3-B67D-FE0846285782}"
EndProject
Project("{FAE04EC0-301F-11D3-BF4B-00C04F79EFBC}") = "Archipelago", "Archipelago\Archipelago.csproj", "{731A44F0-FAFF-421E-9D3A-95B210DB2584}"
EndProject
Global
	GlobalSection(SolutionConfigurationPlatforms) = preSolution
		Debug|Any CPU = Debug|Any CPU
		Release|Any CPU = Release|Any CPU
	EndGlobalSection
	GlobalSection(ProjectConfigurationPlatforms) = postSolution
		{CBB9B70C-98A7-47F3-B67D-FE0846285782}.Debug|Any CPU.ActiveCfg = Debug|Any CPU
		{CBB9B70C-98A7-47F3-B67D-FE0846285782}.Debug|Any CPU.Build.0 = Debug|Any CPU
		{CBB9B70C-98A7-47F3-B67D-FE0846285782}.Release|Any CPU.ActiveCfg = Release|Any CPU
		{CBB9B70C-98A7-47F3-B67D-FE0846285782}.Release|Any CPU.Build.0 = Release|Any CPU
		{731A44F0-FAFF-421E-9D3A-95B210DB2584}.Debug|Any CPU.ActiveCfg = Debug|Any CPU
		{731A44F0-FAFF-421E-9D3A-95B210DB2584}.Debug|Any CPU.Build.0 = Debug|Any CPU
		{731A44F0-FAFF-421E-9D3A-95B210DB2584}.Release|Any CPU.ActiveCfg = Release|Any CPU
		{731A44F0-FAFF-421E-9D3A-95B210DB2584}.Release|Any CPU.Build.0 = Release|Any CPU
	EndGlobalSection
	GlobalSection(SolutionProperties) = preSolution
		HideSolutionNode = FALSE
	EndGlobalSection
	GlobalSection(ExtensibilityGlobals) = postSolution
		SolutionGuid = {C036EC09-146A-4891-B716-DDBFBACC606F}
	EndGlobalSection
EndGlobal
